Microsoft Visual Studio Solution File, Format Version 11.00
# Visual Studio 2008

Project("{77D36C8A-5DF7-7613-BD13-BE07EAB060FB}") = "mtpchanges", "Assembly-CSharp-vs.csproj", "{BBB7BBC0-60E5-DA36-09D9-868A7B1946E9}"
EndProject
Global
	GlobalSection(SolutionConfigurationPlatforms) = preSolution
		Debug|Any CPU = Debug|Any CPU
		Release|Any CPU = Release|Any CPU
	EndGlobalSection
	GlobalSection(ProjectConfigurationPlatforms) = postSolution
		{BBB7BBC0-60E5-DA36-09D9-868A7B1946E9}.Debug|Any CPU.ActiveCfg = Debug|Any CPU
		{BBB7BBC0-60E5-DA36-09D9-868A7B1946E9}.Debug|Any CPU.Build.0 = Debug|Any CPU
		{BBB7BBC0-60E5-DA36-09D9-868A7B1946E9}.Release|Any CPU.ActiveCfg = Release|Any CPU
		{BBB7BBC0-60E5-DA36-09D9-868A7B1946E9}.Release|Any CPU.Build.0 = Release|Any CPU
	EndGlobalSection
	GlobalSection(SolutionProperties) = preSolution
		HideSolutionNode = FALSE
	EndGlobalSection
																																														GlobalSection(MonoDevelopProperties) = preSolution
		StartupItem = Assembly-CSharp.csproj
		Policies = $0
		$0.TextStylePolicy = $1
		$1.inheritsSet = null
		$1.scope = text/x-csharp
		$0.CSharpFormattingPolicy = $2
		$2.inheritsSet = Mono
		$2.inheritsScope = text/x-csharp
		$2.scope = text/x-csharp
		$0.TextStylePolicy = $3
		$3.FileWidth = 120
		$3.TabWidth = 4
		$3.EolMarker = Unix
		$3.inheritsSet = Mono
		$3.inheritsScope = text/plain
		$3.scope = text/plain
	EndGlobalSection

EndGlobal
